
Microsoft Visual Studio Solution File, Format Version 12.00
# Visual Studio 15
VisualStudioVersion = 15.0.26730.16
MinimumVisualStudioVersion = 10.0.40219.1
Project("{FAE04EC0-301F-11D3-BF4B-00C04F79EFBC}") = "EmployeeWebApp", "EmployeeWebApp\EmployeeWebApp.csproj", "{7D86CB33-76DF-43D1-A68D-7C37421759E5}"
EndProject
Global
	GlobalSection(SolutionConfigurationPlatforms) = preSolution
		Debug|Any CPU = Debug|Any CPU
		Release|Any CPU = Release|Any CPU
	EndGlobalSection
	GlobalSection(ProjectConfigurationPlatforms) = postSolution
		{7D86CB33-76DF-43D1-A68D-7C37421759E5}.Debug|Any CPU.ActiveCfg = Debug|Any CPU
		{7D86CB33-76DF-43D1-A68D-7C37421759E5}.Debug|Any CPU.Build.0 = Debug|Any CPU
		{7D86CB33-76DF-43D1-A68D-7C37421759E5}.Release|Any CPU.ActiveCfg = Release|Any CPU
		{7D86CB33-76DF-43D1-A68D-7C37421759E5}.Release|Any CPU.Build.0 = Release|Any CPU
	EndGlobalSection
	GlobalSection(SolutionProperties) = preSolution
		HideSolutionNode = FALSE
	EndGlobalSection
	GlobalSection(ExtensibilityGlobals) = postSolution
		SolutionGuid = {EA67DB39-CE96-4852-922C-B8DE7135AA5F}
	EndGlobalSection
EndGlobal
